{
  "originHash" : "5027176d20cdf8521bcb746bb335854d108c63c4f099a9813e096b45572301eb",
  "pins" : [
    {
      "identity" : "mediaremote-adapter",
      "kind" : "remoteSourceControl",
      "location" : "https://github.com/ejbills/mediaremote-adapter",
      "state" : {
        "branch" : "master",
        "revision" : "cf30c4f1af29b5829d859f088f8dbdf12611a046"
      }
    },
    {
      "identity" : "sparkle",
      "kind" : "remoteSourceControl",
      "location" : "https://github.com/sparkle-project/Sparkle",
      "state" : {
        "revision" : "b6496a74a087257ef5e6da1c5b29a447a60f5bd7",
        "version" : "2.9.4"
      }
    }
  ],
  "version" : 3
}
